{
  "version": 4,
  "terraform_version": "1.9.4",
  "serial": 3,
  "lineage": "a6df593d-e3f2-cb69-60d7-423983f06aa4",
  "outputs": {},
  "resources": [
    {
      "mode": "managed",
      "type": "local_file",
      "name": "index_html",
      "provider": "provider[\"registry.terraform.io/hashicorp/local\"]",
      "instances": [
        {
          "schema_version": 0,
          "attributes": {
            "content": "\u003chtml\u003e\u003cbody\u003e\u003ch1\u003eHello from Terraform\u003c/h1\u003e\u003c/body\u003e\u003c/html\u003e",
            "content_base64": null,
            "content_base64sha256": "f8l5JnbfqO55vjZtwnBlb/7+NpxUpjTZItwVrBcNs6Q=",
            "content_base64sha512": "29/mjEPyXxPMC9RbInW4erD9NUGcjDBYGbwa87R35ZR9P4ylWRfKFFAh4/5WoZEzfl41LbY2QfMskuRFReyazg==",
            "content_md5": "8f7da0bee175f84b7f5aaf44d9cab86a",
            "content_sha1": "df24e8fafefb0816dd2153570d28b45c7d10cc03",
            "content_sha256": "7fc9792676dfa8ee79be366dc270656ffefe369c54a634d922dc15ac170db3a4",
            "content_sha512": "dbdfe68c43f25f13cc0bd45b2275b87ab0fd35419c8c305819bc1af3b477e5947d3f8ca55917ca145021e3fe56a191337e5e352db63641f32c92e44545ec9ace",
            "directory_permission": "0777",
            "file_permission": "0777",
            "filename": "C:/Users/Sudharshna/Documents/samplewebsite/index.html",
            "id": "df24e8fafefb0816dd2153570d28b45c7d10cc03",
            "sensitive_content": null,
            "source": null
          },
          "sensitive_attributes": [
            [
              {
                "type": "get_attr",
                "value": "sensitive_content"
              }
            ]
          ]
        }
      ]
    }
  ],
  "check_results": null
}
