{
  "version": 4,
  "terraform_version": "1.9.4",
  "serial": 32,
  "lineage": "a6df593d-e3f2-cb69-60d7-423983f06aa4",
  "outputs": {},
  "resources": [
    {
      "mode": "managed",
      "type": "local_file",
      "name": "install_iis",
      "provider": "provider[\"registry.terraform.io/hashicorp/local\"]",
      "instances": [
        {
          "schema_version": 0,
          "attributes": {
            "content": "Install-WindowsFeature -name Web-Server -IncludeManagementTools\r\n",
            "content_base64": null,
            "content_base64sha256": "/mk8oNp9ZMmBL6D4htMycH06XIQEFlma78/7MTimfFQ=",
            "content_base64sha512": "0L5N7wW1MyG6GxS2W/FJiOtq6V7gby6orrZLGZAjyKv8pxSG/9gyECP/dqc9BcIrd6ijRbiDN5YYK3lqCudXBg==",
            "content_md5": "bec2231a122b8e1d277f3120145f624d",
            "content_sha1": "3717b703f4dd8bb4cd070f7e44a989c359d4397a",
            "content_sha256": "fe693ca0da7d64c9812fa0f886d332707d3a5c840416599aefcffb3138a67c54",
            "content_sha512": "d0be4def05b53321ba1b14b65bf14988eb6ae95ee06f2ea8aeb64b199023c8abfca71486ffd8321023ff76a73d05c22b77a8a345b8833796182b796a0ae75706",
            "directory_permission": "0777",
            "file_permission": "0777",
            "filename": "install_iis.ps1",
            "id": "3717b703f4dd8bb4cd070f7e44a989c359d4397a",
            "sensitive_content": null,
            "source": null
          },
          "sensitive_attributes": [
            [
              {
                "type": "get_attr",
                "value": "sensitive_content"
              }
            ]
          ]
        }
      ]
    },
    {
      "mode": "managed",
      "type": "null_resource",
      "name": "run_install_iis",
      "provider": "provider[\"registry.terraform.io/hashicorp/null\"]",
      "instances": [
        {
          "schema_version": 0,
          "attributes": {
            "id": "1035130112",
            "triggers": {
              "always_run": "2024-08-12T10:47:50Z"
            }
          },
          "sensitive_attributes": []
        }
      ]
    },
    {
      "mode": "managed",
      "type": "null_resource",
      "name": "start_iis",
      "provider": "provider[\"registry.terraform.io/hashicorp/null\"]",
      "instances": [
        {
          "schema_version": 0,
          "attributes": {
            "id": "1156651327",
            "triggers": null
          },
          "sensitive_attributes": [],
          "dependencies": [
            "null_resource.run_install_iis"
          ]
        }
      ]
    }
  ],
  "check_results": null
}
